
Microsoft Visual Studio Solution File, Format Version 12.00
# Visual Studio Version 17
VisualStudioVersion = 17.4.33205.214
MinimumVisualStudioVersion = 10.0.40219.1
Project("{FAE04EC0-301F-11D3-BF4B-00C04F79EFBC}") = "RevitWallConnectivityChecker", "RevitWallConnectivityChecker.csproj", "{AF3D494D-6596-4173-B4FD-A3FEE5B3D324}"
EndProject
Global
	GlobalSection(SolutionConfigurationPlatforms) = preSolution
		Debug|Any CPU = Debug|Any CPU
		Release|Any CPU = Release|Any CPU
	EndGlobalSection
	GlobalSection(ProjectConfigurationPlatforms) = postSolution
		{AF3D494D-6596-4173-B4FD-A3FEE5B3D324}.Debug|Any CPU.ActiveCfg = Debug|Any CPU
		{AF3D494D-6596-4173-B4FD-A3FEE5B3D324}.Debug|Any CPU.Build.0 = Debug|Any CPU
		{AF3D494D-6596-4173-B4FD-A3FEE5B3D324}.Release|Any CPU.ActiveCfg = Release|Any CPU
		{AF3D494D-6596-4173-B4FD-A3FEE5B3D324}.Release|Any CPU.Build.0 = Release|Any CPU
	EndGlobalSection
	GlobalSection(SolutionProperties) = preSolution
		HideSolutionNode = FALSE
	EndGlobalSection
	GlobalSection(ExtensibilityGlobals) = postSolution
		SolutionGuid = {855CD354-AC51-452D-BAB7-6CA677C4949C}
	EndGlobalSection
EndGlobal
